// !$*UTF8*$!
{
	archiveVersion = 1;
	classes = {
	};
	objectVersion = 51;
	objects = {

/* Begin PBXBuildFile section */
		74B136A589813FF765CBD5F5 /* Pods_WeChatCP.framework in Frameworks */ = {isa = PBXBuildFile; fileRef = C6D58A871783E5A159C94641 /* Pods_WeChatCP.framework */; };
		A96A66B12450994700399267 /* MobileLoginViewController.m in Sources */ = {isa = PBXBuildFile; fileRef = A96A66AF2450994700399267 /* MobileLoginViewController.m */; };
		A96A66B22450994700399267 /* MobileLoginViewController.xib in Resources */ = {isa = PBXBuildFile; fileRef = A96A66B02450994700399267 /* MobileLoginViewController.xib */; };
		A96A66B524517D5600399267 /* LoginBaseViewController.m in Sources */ = {isa = PBXBuildFile; fileRef = A96A66B424517D5600399267 /* LoginBaseViewController.m */; };
		A96A66C32452A3FA00399267 /* RegisterViewController.m in Sources */ = {isa = PBXBuildFile; fileRef = A96A66C12452A3FA00399267 /* RegisterViewController.m */; };
		A96A66C42452A3FA00399267 /* RegisterViewController.xib in Resources */ = {isa = PBXBuildFile; fileRef = A96A66C22452A3FA00399267 /* RegisterViewController.xib */; };
		A96A66CB2457FA6900399267 /* ChatBaseViewController.m in Sources */ = {isa = PBXBuildFile; fileRef = A96A66CA2457FA6900399267 /* ChatBaseViewController.m */; };
		A96A66CF2457FBDD00399267 /* User.m in Sources */ = {isa = PBXBuildFile; fileRef = A96A66CE2457FBDD00399267 /* User.m */; };
		A96A66E12458076500399267 /* PasswordView.m in Sources */ = {isa = PBXBuildFile; fileRef = A96A66D52458076400399267 /* PasswordView.m */; };
		A96A66E22458076500399267 /* CaptchaView.xib in Resources */ = {isa = PBXBuildFile; fileRef = A96A66D62458076400399267 /* CaptchaView.xib */; };
		A96A66E32458076500399267 /* MobileView.m in Sources */ = {isa = PBXBuildFile; fileRef = A96A66D72458076400399267 /* MobileView.m */; };
		A96A66E42458076500399267 /* AccountView.m in Sources */ = {isa = PBXBuildFile; fileRef = A96A66D82458076400399267 /* AccountView.m */; };
		A96A66E52458076500399267 /* MobileView.xib in Resources */ = {isa = PBXBuildFile; fileRef = A96A66DA2458076400399267 /* MobileView.xib */; };
		A96A66E62458076500399267 /* AccountView.xib in Resources */ = {isa = PBXBuildFile; fileRef = A96A66DD2458076400399267 /* AccountView.xib */; };
		A96A66E72458076500399267 /* PasswordView.xib in Resources */ = {isa = PBXBuildFile; fileRef = A96A66DE2458076400399267 /* PasswordView.xib */; };
		A96A66E82458076500399267 /* CaptchaView.m in Sources */ = {isa = PBXBuildFile; fileRef = A96A66E02458076400399267 /* CaptchaView.m */; };
		A96A66ED2458087400399267 /* MessageDisplayView.m in Sources */ = {isa = PBXBuildFile; fileRef = A96A66EC2458087400399267 /* MessageDisplayView.m */; };
		A96A66F124582EF400399267 /* MessageDisplayView+Delegate.m in Sources */ = {isa = PBXBuildFile; fileRef = A96A66F024582EF400399267 /* MessageDisplayView+Delegate.m */; };
		A96A66F5245858DE00399267 /* ChatViewController.m in Sources */ = {isa = PBXBuildFile; fileRef = A96A66F4245858DD00399267 /* ChatViewController.m */; };
		A96A66F92459353400399267 /* ChatBar.m in Sources */ = {isa = PBXBuildFile; fileRef = A96A66F82459353300399267 /* ChatBar.m */; };
		A97998252442C458009B6096 /* Assets.xcassets in Resources */ = {isa = PBXBuildFile; fileRef = A97998242442C458009B6096 /* Assets.xcassets */; };
		A979982B2442C458009B6096 /* main.m in Sources */ = {isa = PBXBuildFile; fileRef = A979982A2442C458009B6096 /* main.m */; };
		A97998522442C690009B6096 /* RootTabBarController.m in Sources */ = {isa = PBXBuildFile; fileRef = A97998512442C690009B6096 /* RootTabBarController.m */; };
		A97998572442C7E8009B6096 /* WeChatTableViewCell.m in Sources */ = {isa = PBXBuildFile; fileRef = A97998562442C7E8009B6096 /* WeChatTableViewCell.m */; };
		A979985A2442CEFA009B6096 /* WeChat.m in Sources */ = {isa = PBXBuildFile; fileRef = A97998592442CEFA009B6096 /* WeChat.m */; };
		A9799864244307CD009B6096 /* WeChatViewController.m in Sources */ = {isa = PBXBuildFile; fileRef = A9799862244307CD009B6096 /* WeChatViewController.m */; };
		A97998692443082C009B6096 /* HomeViewController.m in Sources */ = {isa = PBXBuildFile; fileRef = A97998672443082C009B6096 /* HomeViewController.m */; };
		A979986E24430846009B6096 /* ContactViewController.m in Sources */ = {isa = PBXBuildFile; fileRef = A979986C24430846009B6096 /* ContactViewController.m */; };
		A979989124445CB7009B6096 /* GetContactPermisson.m in Sources */ = {isa = PBXBuildFile; fileRef = A979989024445CB7009B6096 /* GetContactPermisson.m */; };
		A97998972444621A009B6096 /* Contact.m in Sources */ = {isa = PBXBuildFile; fileRef = A97998962444621A009B6096 /* Contact.m */; };
		A98FC9D32459B59B009B691C /* TEST.m in Sources */ = {isa = PBXBuildFile; fileRef = A98FC9D22459B59B009B691C /* TEST.m */; };
		A98FC9D6245C0C78009B691C /* ChatBaseViewController+ChatBar.m in Sources */ = {isa = PBXBuildFile; fileRef = A98FC9D5245C0C78009B691C /* ChatBaseViewController+ChatBar.m */; };
		A98FC9DA245C142E009B691C /* BaseKeyboard.m in Sources */ = {isa = PBXBuildFile; fileRef = A98FC9D9245C142E009B691C /* BaseKeyboard.m */; };
		A98FC9DF245D16FF009B691C /* ChatBaseViewController+MessageDisplayView.m in Sources */ = {isa = PBXBuildFile; fileRef = A98FC9DE245D16FF009B691C /* ChatBaseViewController+MessageDisplayView.m */; };
		A98FC9E4245D492A009B691C /* Message.m in Sources */ = {isa = PBXBuildFile; fileRef = A98FC9E3245D492A009B691C /* Message.m */; };
		A98FC9E8245D4BE3009B691C /* MessageFrame.m in Sources */ = {isa = PBXBuildFile; fileRef = A98FC9E7245D4BE3009B691C /* MessageFrame.m */; };
		A98FC9EC245D56A5009B691C /* TextMessage.m in Sources */ = {isa = PBXBuildFile; fileRef = A98FC9EB245D56A5009B691C /* TextMessage.m */; };
		A98FC9F1245D5FD4009B691C /* MessageManager.m in Sources */ = {isa = PBXBuildFile; fileRef = A98FC9F0245D5FD4009B691C /* MessageManager.m */; };
		A98FC9F7245D7FB6009B691C /* ChatBaseViewController+Proxy.m in Sources */ = {isa = PBXBuildFile; fileRef = A98FC9F6245D7FB6009B691C /* ChatBaseViewController+Proxy.m */; };
		A98FC9FA246426F2009B691C /* MessageBaseCell.m in Sources */ = {isa = PBXBuildFile; fileRef = A98FC9F9246426F2009B691C /* MessageBaseCell.m */; };
		A98FC9FF24644675009B691C /* NSDate+Chat.m in Sources */ = {isa = PBXBuildFile; fileRef = A98FC9FE24644675009B691C /* NSDate+Chat.m */; };
		A98FCA0224644C37009B691C /* User+Chat.m in Sources */ = {isa = PBXBuildFile; fileRef = A98FCA0124644C37009B691C /* User+Chat.m */; };
		A98FCA052466965C009B691C /* TextMessageCell.m in Sources */ = {isa = PBXBuildFile; fileRef = A98FCA042466965B009B691C /* TextMessageCell.m */; };
		A98FCA09246BD29E009B691C /* NSString+Message.m in Sources */ = {isa = PBXBuildFile; fileRef = A98FCA08246BD29E009B691C /* NSString+Message.m */; };
		A98FCA0C246BD2D7009B691C /* UIFont+Chat.m in Sources */ = {isa = PBXBuildFile; fileRef = A98FCA0B246BD2D7009B691C /* UIFont+Chat.m */; };
		A98FCA1024718204009B691C /* DBBaseStore.m in Sources */ = {isa = PBXBuildFile; fileRef = A98FCA0F24718204009B691C /* DBBaseStore.m */; };
		A98FCA13247183A2009B691C /* DBManager.m in Sources */ = {isa = PBXBuildFile; fileRef = A98FCA12247183A2009B691C /* DBManager.m */; };
		A98FCA1624718AF9009B691C /* NSFileManager+Chat.m in Sources */ = {isa = PBXBuildFile; fileRef = A98FCA1524718AF9009B691C /* NSFileManager+Chat.m */; };
		A98FCA1924718C11009B691C /* NSFileManager+path.m in Sources */ = {isa = PBXBuildFile; fileRef = A98FCA1824718C11009B691C /* NSFileManager+path.m */; };
		A9B8219A244C34FB00517C58 /* MyAppDelegate.m in Sources */ = {isa = PBXBuildFile; fileRef = A9B82199244C34FB00517C58 /* MyAppDelegate.m */; };
		A9B8219C244C63E400517C58 /* Conversation.xcassets in Resources */ = {isa = PBXBuildFile; fileRef = A9B8219B244C63E400517C58 /* Conversation.xcassets */; };
		A9B8219E244C7CF700517C58 /* Discover.xcassets in Resources */ = {isa = PBXBuildFile; fileRef = A9B8219D244C7CF700517C58 /* Discover.xcassets */; };
		A9B821A2244C7D1C00517C58 /* Mine.xcassets in Resources */ = {isa = PBXBuildFile; fileRef = A9B821A1244C7D1B00517C58 /* Mine.xcassets */; };
		A9B821A8244C7DAA00517C58 /* Chat.xcassets in Resources */ = {isa = PBXBuildFile; fileRef = A9B821A4244C7DAA00517C58 /* Chat.xcassets */; };
		A9B821A9244C7DAA00517C58 /* SystemEmoji.json in Resources */ = {isa = PBXBuildFile; fileRef = A9B821A6244C7DAA00517C58 /* SystemEmoji.json */; };
		A9B821AA244C7DAA00517C58 /* FaceEmoji.json in Resources */ = {isa = PBXBuildFile; fileRef = A9B821A7244C7DAA00517C58 /* FaceEmoji.json */; };
		A9B821AC244C7F3F00517C58 /* Common.xcassets in Resources */ = {isa = PBXBuildFile; fileRef = A9B821AB244C7F3F00517C58 /* Common.xcassets */; };
		A9B821AF244C80D800517C58 /* AddMenu.xcassets in Resources */ = {isa = PBXBuildFile; fileRef = A9B821AE244C80D800517C58 /* AddMenu.xcassets */; };
		A9B821B2244C840F00517C58 /* SearchResultController.m in Sources */ = {isa = PBXBuildFile; fileRef = A9B821B1244C840F00517C58 /* SearchResultController.m */; };
		A9B821B5244D402800517C58 /* ContactTableViewCell.m in Sources */ = {isa = PBXBuildFile; fileRef = A9B821B4244D402800517C58 /* ContactTableViewCell.m */; };
		A9B821B7244D487400517C58 /* Contact.xcassets in Resources */ = {isa = PBXBuildFile; fileRef = A9B821B6244D487300517C58 /* Contact.xcassets */; };
		A9B821CA244DAAB800517C58 /* HomeTableViewCell.m in Sources */ = {isa = PBXBuildFile; fileRef = A9B821C9244DAAB800517C58 /* HomeTableViewCell.m */; };
		A9B821CE244E828700517C58 /* DiscoverViewController.m in Sources */ = {isa = PBXBuildFile; fileRef = A9B821CD244E828700517C58 /* DiscoverViewController.m */; };
		A9B821D8244FDEC100517C58 /* BootLoginViewController.m in Sources */ = {isa = PBXBuildFile; fileRef = A9B821D6244FDEC100517C58 /* BootLoginViewController.m */; };
		A9B821D9244FDEC100517C58 /* BootLoginViewController.xib in Resources */ = {isa = PBXBuildFile; fileRef = A9B821D7244FDEC100517C58 /* BootLoginViewController.xib */; };
		A9B821DF244FF7EE00517C58 /* LoginViewController.m in Sources */ = {isa = PBXBuildFile; fileRef = A9B821DD244FF7EE00517C58 /* LoginViewController.m */; };
		A9B821E0244FF7EE00517C58 /* LoginViewController.xib in Resources */ = {isa = PBXBuildFile; fileRef = A9B821DE244FF7EE00517C58 /* LoginViewController.xib */; };
/* End PBXBuildFile section */

/* Begin PBXFileReference section */
		34A075BCC309FA8AB043E297 /* Pods-WeChatCP.release.xcconfig */ = {isa = PBXFileReference; includeInIndex = 1; lastKnownFileType = text.xcconfig; name = "Pods-WeChatCP.release.xcconfig"; path = "Target Support Files/Pods-WeChatCP/Pods-WeChatCP.release.xcconfig"; sourceTree = "<group>"; };
		A95402FC2472529C00C2404E /* MessageSQL.h */ = {isa = PBXFileReference; lastKnownFileType = sourcecode.c.h; path = MessageSQL.h; sourceTree = "<group>"; };
		A96A66AE2450994700399267 /* MobileLoginViewController.h */ = {isa = PBXFileReference; lastKnownFileType = sourcecode.c.h; path = MobileLoginViewController.h; sourceTree = "<group>"; };
		A96A66AF2450994700399267 /* MobileLoginViewController.m */ = {isa = PBXFileReference; lastKnownFileType = sourcecode.c.objc; path = MobileLoginViewController.m; sourceTree = "<group>"; };
		A96A66B02450994700399267 /* MobileLoginViewController.xib */ = {isa = PBXFileReference; lastKnownFileType = file.xib; path = MobileLoginViewController.xib; sourceTree = "<group>"; };
		A96A66B324517D5600399267 /* LoginBaseViewController.h */ = {isa = PBXFileReference; lastKnownFileType = sourcecode.c.h; path = LoginBaseViewController.h; sourceTree = "<group>"; };
		A96A66B424517D5600399267 /* LoginBaseViewController.m */ = {isa = PBXFileReference; lastKnownFileType = sourcecode.c.objc; path = LoginBaseViewController.m; sourceTree = "<group>"; };
		A96A66BC2451A8B200399267 /* Info.plist */ = {isa = PBXFileReference; fileEncoding = 4; lastKnownFileType = text.plist.xml; path = Info.plist; sourceTree = "<group>"; };
		A96A66C02452A3FA00399267 /* RegisterViewController.h */ = {isa = PBXFileReference; lastKnownFileType = sourcecode.c.h; path = RegisterViewController.h; sourceTree = "<group>"; };
		A96A66C12452A3FA00399267 /* RegisterViewController.m */ = {isa = PBXFileReference; lastKnownFileType = sourcecode.c.objc; path = RegisterViewController.m; sourceTree = "<group>"; };
		A96A66C22452A3FA00399267 /* RegisterViewController.xib */ = {isa = PBXFileReference; lastKnownFileType = file.xib; path = RegisterViewController.xib; sourceTree = "<group>"; };
		A96A66C92457FA6900399267 /* ChatBaseViewController.h */ = {isa = PBXFileReference; lastKnownFileType = sourcecode.c.h; path = ChatBaseViewController.h; sourceTree = "<group>"; };
		A96A66CA2457FA6900399267 /* ChatBaseViewController.m */ = {isa = PBXFileReference; lastKnownFileType = sourcecode.c.objc; path = ChatBaseViewController.m; sourceTree = "<group>"; };
		A96A66CD2457FBDD00399267 /* User.h */ = {isa = PBXFileReference; lastKnownFileType = sourcecode.c.h; path = User.h; sourceTree = "<group>"; };
		A96A66CE2457FBDD00399267 /* User.m */ = {isa = PBXFileReference; lastKnownFileType = sourcecode.c.objc; path = User.m; sourceTree = "<group>"; };
		A96A66D12458008700399267 /* ChatUserProtocol.h */ = {isa = PBXFileReference; lastKnownFileType = sourcecode.c.h; path = ChatUserProtocol.h; sourceTree = "<group>"; };
		A96A66D52458076400399267 /* PasswordView.m */ = {isa = PBXFileReference; fileEncoding = 4; lastKnownFileType = sourcecode.c.objc; path = PasswordView.m; sourceTree = "<group>"; };
		A96A66D62458076400399267 /* CaptchaView.xib */ = {isa = PBXFileReference; fileEncoding = 4; lastKnownFileType = file.xib; path = CaptchaView.xib; sourceTree = "<group>"; };
		A96A66D72458076400399267 /* MobileView.m */ = {isa = PBXFileReference; fileEncoding = 4; lastKnownFileType = sourcecode.c.objc; path = MobileView.m; sourceTree = "<group>"; };
		A96A66D82458076400399267 /* AccountView.m */ = {isa = PBXFileReference; fileEncoding = 4; lastKnownFileType = sourcecode.c.objc; path = AccountView.m; sourceTree = "<group>"; };
		A96A66D92458076400399267 /* CaptchaView.h */ = {isa = PBXFileReference; fileEncoding = 4; lastKnownFileType = sourcecode.c.h; path = CaptchaView.h; sourceTree = "<group>"; };
		A96A66DA2458076400399267 /* MobileView.xib */ = {isa = PBXFileReference; fileEncoding = 4; lastKnownFileType = file.xib; path = MobileView.xib; sourceTree = "<group>"; };
		A96A66DB2458076400399267 /* PasswordView.h */ = {isa = PBXFileReference; fileEncoding = 4; lastKnownFileType = sourcecode.c.h; path = PasswordView.h; sourceTree = "<group>"; };
		A96A66DC2458076400399267 /* MobileView.h */ = {isa = PBXFileReference; fileEncoding = 4; lastKnownFileType = sourcecode.c.h; path = MobileView.h; sourceTree = "<group>"; };
		A96A66DD2458076400399267 /* AccountView.xib */ = {isa = PBXFileReference; fileEncoding = 4; lastKnownFileType = file.xib; path = AccountView.xib; sourceTree = "<group>"; };
		A96A66DE2458076400399267 /* PasswordView.xib */ = {isa = PBXFileReference; fileEncoding = 4; lastKnownFileType = file.xib; path = PasswordView.xib; sourceTree = "<group>"; };
		A96A66DF2458076400399267 /* AccountView.h */ = {isa = PBXFileReference; fileEncoding = 4; lastKnownFileType = sourcecode.c.h; path = AccountView.h; sourceTree = "<group>"; };
		A96A66E02458076400399267 /* CaptchaView.m */ = {isa = PBXFileReference; fileEncoding = 4; lastKnownFileType = sourcecode.c.objc; path = CaptchaView.m; sourceTree = "<group>"; };
		A96A66EB2458087400399267 /* MessageDisplayView.h */ = {isa = PBXFileReference; lastKnownFileType = sourcecode.c.h; path = MessageDisplayView.h; sourceTree = "<group>"; };
		A96A66EC2458087400399267 /* MessageDisplayView.m */ = {isa = PBXFileReference; lastKnownFileType = sourcecode.c.objc; path = MessageDisplayView.m; sourceTree = "<group>"; };
		A96A66EF24582EF400399267 /* MessageDisplayView+Delegate.h */ = {isa = PBXFileReference; lastKnownFileType = sourcecode.c.h; path = "MessageDisplayView+Delegate.h"; sourceTree = "<group>"; };
		A96A66F024582EF400399267 /* MessageDisplayView+Delegate.m */ = {isa = PBXFileReference; lastKnownFileType = sourcecode.c.objc; path = "MessageDisplayView+Delegate.m"; sourceTree = "<group>"; };
		A96A66F22458307A00399267 /* MessageDisplayViewDelegate.h */ = {isa = PBXFileReference; lastKnownFileType = sourcecode.c.h; path = MessageDisplayViewDelegate.h; sourceTree = "<group>"; };
		A96A66F3245858DD00399267 /* ChatViewController.h */ = {isa = PBXFileReference; lastKnownFileType = sourcecode.c.h; path = ChatViewController.h; sourceTree = "<group>"; };
		A96A66F4245858DD00399267 /* ChatViewController.m */ = {isa = PBXFileReference; lastKnownFileType = sourcecode.c.objc; path = ChatViewController.m; sourceTree = "<group>"; };
		A96A66F72459353300399267 /* ChatBar.h */ = {isa = PBXFileReference; lastKnownFileType = sourcecode.c.h; path = ChatBar.h; sourceTree = "<group>"; };
		A96A66F82459353300399267 /* ChatBar.m */ = {isa = PBXFileReference; lastKnownFileType = sourcecode.c.objc; path = ChatBar.m; sourceTree = "<group>"; };
		A96A66FC2459368000399267 /* ChatBarDelegate.h */ = {isa = PBXFileReference; lastKnownFileType = sourcecode.c.h; path = ChatBarDelegate.h; sourceTree = "<group>"; };
		A96A66FD245937FA00399267 /* Macro.h */ = {isa = PBXFileReference; lastKnownFileType = sourcecode.c.h; path = Macro.h; sourceTree = "<group>"; };
		A97998152442C456009B6096 /* WeChatCP.app */ = {isa = PBXFileReference; explicitFileType = wrapper.application; includeInIndex = 0; path = WeChatCP.app; sourceTree = BUILT_PRODUCTS_DIR; };
		A97998242442C458009B6096 /* Assets.xcassets */ = {isa = PBXFileReference; lastKnownFileType = folder.assetcatalog; path = Assets.xcassets; sourceTree = "<group>"; };
		A97998272442C458009B6096 /* Base */ = {isa = PBXFileReference; lastKnownFileType = file.storyboard; name = Base; path = Base.lproj/LaunchScreen.storyboard; sourceTree = "<group>"; };
		A979982A2442C458009B6096 /* main.m */ = {isa = PBXFileReference; lastKnownFileType = sourcecode.c.objc; path = main.m; sourceTree = "<group>"; };
		A97998502442C68F009B6096 /* RootTabBarController.h */ = {isa = PBXFileReference; lastKnownFileType = sourcecode.c.h; path = RootTabBarController.h; sourceTree = "<group>"; };
		A97998512442C690009B6096 /* RootTabBarController.m */ = {isa = PBXFileReference; lastKnownFileType = sourcecode.c.objc; path = RootTabBarController.m; sourceTree = "<group>"; };
		A97998552442C7E8009B6096 /* WeChatTableViewCell.h */ = {isa = PBXFileReference; lastKnownFileType = sourcecode.c.h; path = WeChatTableViewCell.h; sourceTree = "<group>"; };
		A97998562442C7E8009B6096 /* WeChatTableViewCell.m */ = {isa = PBXFileReference; lastKnownFileType = sourcecode.c.objc; path = WeChatTableViewCell.m; sourceTree = "<group>"; };
		A97998582442CEFA009B6096 /* WeChat.h */ = {isa = PBXFileReference; lastKnownFileType = sourcecode.c.h; path = WeChat.h; sourceTree = "<group>"; };
		A97998592442CEFA009B6096 /* WeChat.m */ = {isa = PBXFileReference; lastKnownFileType = sourcecode.c.objc; path = WeChat.m; sourceTree = "<group>"; };
		A9799861244307CD009B6096 /* WeChatViewController.h */ = {isa = PBXFileReference; lastKnownFileType = sourcecode.c.h; path = WeChatViewController.h; sourceTree = "<group>"; };
		A9799862244307CD009B6096 /* WeChatViewController.m */ = {isa = PBXFileReference; lastKnownFileType = sourcecode.c.objc; path = WeChatViewController.m; sourceTree = "<group>"; };
		A97998662443082C009B6096 /* HomeViewController.h */ = {isa = PBXFileReference; lastKnownFileType = sourcecode.c.h; path = HomeViewController.h; sourceTree = "<group>"; };
		A97998672443082C009B6096 /* HomeViewController.m */ = {isa = PBXFileReference; lastKnownFileType = sourcecode.c.objc; path = HomeViewController.m; sourceTree = "<group>"; };
		A979986B24430846009B6096 /* ContactViewController.h */ = {isa = PBXFileReference; lastKnownFileType = sourcecode.c.h; path = ContactViewController.h; sourceTree = "<group>"; };
		A979986C24430846009B6096 /* ContactViewController.m */ = {isa = PBXFileReference; lastKnownFileType = sourcecode.c.objc; path = ContactViewController.m; sourceTree = "<group>"; };
		A979988F24445CB7009B6096 /* GetContactPermisson.h */ = {isa = PBXFileReference; lastKnownFileType = sourcecode.c.h; path = GetContactPermisson.h; sourceTree = "<group>"; };
		A979989024445CB7009B6096 /* GetContactPermisson.m */ = {isa = PBXFileReference; lastKnownFileType = sourcecode.c.objc; path = GetContactPermisson.m; sourceTree = "<group>"; };
		A97998952444621A009B6096 /* Contact.h */ = {isa = PBXFileReference; lastKnownFileType = sourcecode.c.h; path = Contact.h; sourceTree = "<group>"; };
		A97998962444621A009B6096 /* Contact.m */ = {isa = PBXFileReference; lastKnownFileType = sourcecode.c.objc; path = Contact.m; sourceTree = "<group>"; };
		A98FC9D22459B59B009B691C /* TEST.m */ = {isa = PBXFileReference; lastKnownFileType = sourcecode.c.objc; path = TEST.m; sourceTree = "<group>"; };
		A98FC9D4245C0C78009B691C /* ChatBaseViewController+ChatBar.h */ = {isa = PBXFileReference; lastKnownFileType = sourcecode.c.h; path = "ChatBaseViewController+ChatBar.h"; sourceTree = "<group>"; };
		A98FC9D5245C0C78009B691C /* ChatBaseViewController+ChatBar.m */ = {isa = PBXFileReference; lastKnownFileType = sourcecode.c.objc; path = "ChatBaseViewController+ChatBar.m"; sourceTree = "<group>"; };
		A98FC9D8245C142E009B691C /* BaseKeyboard.h */ = {isa = PBXFileReference; lastKnownFileType = sourcecode.c.h; path = BaseKeyboard.h; sourceTree = "<group>"; };
		A98FC9D9245C142E009B691C /* BaseKeyboard.m */ = {isa = PBXFileReference; lastKnownFileType = sourcecode.c.objc; path = BaseKeyboard.m; sourceTree = "<group>"; };
		A98FC9DB245C1468009B691C /* KeyboardDelegate.h */ = {isa = PBXFileReference; lastKnownFileType = sourcecode.c.h; path = KeyboardDelegate.h; sourceTree = "<group>"; };
		A98FC9DC245C1487009B691C /* KeyboardProtocol.h */ = {isa = PBXFileReference; lastKnownFileType = sourcecode.c.h; path = KeyboardProtocol.h; sourceTree = "<group>"; };
		A98FC9DD245D16FF009B691C /* ChatBaseViewController+MessageDisplayView.h */ = {isa = PBXFileReference; lastKnownFileType = sourcecode.c.h; path = "ChatBaseViewController+MessageDisplayView.h"; sourceTree = "<group>"; };
		A98FC9DE245D16FF009B691C /* ChatBaseViewController+MessageDisplayView.m */ = {isa = PBXFileReference; lastKnownFileType = sourcecode.c.objc; path = "ChatBaseViewController+MessageDisplayView.m"; sourceTree = "<group>"; };
		A98FC9E2245D492A009B691C /* Message.h */ = {isa = PBXFileReference; lastKnownFileType = sourcecode.c.h; path = Message.h; sourceTree = "<group>"; };
		A98FC9E3245D492A009B691C /* Message.m */ = {isa = PBXFileReference; lastKnownFileType = sourcecode.c.objc; path = Message.m; sourceTree = "<group>"; };
		A98FC9E5245D4B31009B691C /* MessageProtocol.h */ = {isa = PBXFileReference; lastKnownFileType = sourcecode.c.h; path = MessageProtocol.h; sourceTree = "<group>"; };
		A98FC9E6245D4BE3009B691C /* MessageFrame.h */ = {isa = PBXFileReference; lastKnownFileType = sourcecode.c.h; path = MessageFrame.h; sourceTree = "<group>"; };
		A98FC9E7245D4BE3009B691C /* MessageFrame.m */ = {isa = PBXFileReference; lastKnownFileType = sourcecode.c.objc; path = MessageFrame.m; sourceTree = "<group>"; };
		A98FC9E9245D4DBD009B691C /* MessageConstants.h */ = {isa = PBXFileReference; lastKnownFileType = sourcecode.c.h; path = MessageConstants.h; sourceTree = "<group>"; };
		A98FC9EA245D56A5009B691C /* TextMessage.h */ = {isa = PBXFileReference; lastKnownFileType = sourcecode.c.h; path = TextMessage.h; sourceTree = "<group>"; };
		A98FC9EB245D56A5009B691C /* TextMessage.m */ = {isa = PBXFileReference; lastKnownFileType = sourcecode.c.objc; path = TextMessage.m; sourceTree = "<group>"; };
		A98FC9EF245D5FD4009B691C /* MessageManager.h */ = {isa = PBXFileReference; lastKnownFileType = sourcecode.c.h; path = MessageManager.h; sourceTree = "<group>"; };
		A98FC9F0245D5FD4009B691C /* MessageManager.m */ = {isa = PBXFileReference; lastKnownFileType = sourcecode.c.objc; path = MessageManager.m; sourceTree = "<group>"; };
		A98FC9F2245D5FF6009B691C /* MessageManagerChatVCDelegate.h */ = {isa = PBXFileReference; lastKnownFileType = sourcecode.c.h; path = MessageManagerChatVCDelegate.h; sourceTree = "<group>"; };
		A98FC9F3245D6015009B691C /* MessageManagerConvVCDelegate.h */ = {isa = PBXFileReference; lastKnownFileType = sourcecode.c.h; path = MessageManagerConvVCDelegate.h; sourceTree = "<group>"; };
		A98FC9F5245D7FB6009B691C /* ChatBaseViewController+Proxy.h */ = {isa = PBXFileReference; lastKnownFileType = sourcecode.c.h; path = "ChatBaseViewController+Proxy.h"; sourceTree = "<group>"; };
		A98FC9F6245D7FB6009B691C /* ChatBaseViewController+Proxy.m */ = {isa = PBXFileReference; lastKnownFileType = sourcecode.c.objc; path = "ChatBaseViewController+Proxy.m"; sourceTree = "<group>"; };
		A98FC9F8246426F2009B691C /* MessageBaseCell.h */ = {isa = PBXFileReference; lastKnownFileType = sourcecode.c.h; path = MessageBaseCell.h; sourceTree = "<group>"; };
		A98FC9F9246426F2009B691C /* MessageBaseCell.m */ = {isa = PBXFileReference; lastKnownFileType = sourcecode.c.objc; path = MessageBaseCell.m; sourceTree = "<group>"; };
		A98FC9FB24642752009B691C /* MessageCellDelegate.h */ = {isa = PBXFileReference; lastKnownFileType = sourcecode.c.h; path = MessageCellDelegate.h; sourceTree = "<group>"; };
		A98FC9FD24644675009B691C /* NSDate+Chat.h */ = {isa = PBXFileReference; lastKnownFileType = sourcecode.c.h; path = "NSDate+Chat.h"; sourceTree = "<group>"; };
		A98FC9FE24644675009B691C /* NSDate+Chat.m */ = {isa = PBXFileReference; lastKnownFileType = sourcecode.c.objc; path = "NSDate+Chat.m"; sourceTree = "<group>"; };
		A98FCA0024644C37009B691C /* User+Chat.h */ = {isa = PBXFileReference; lastKnownFileType = sourcecode.c.h; path = "User+Chat.h"; sourceTree = "<group>"; };
		A98FCA0124644C37009B691C /* User+Chat.m */ = {isa = PBXFileReference; lastKnownFileType = sourcecode.c.objc; path = "User+Chat.m"; sourceTree = "<group>"; };
		A98FCA032466965B009B691C /* TextMessageCell.h */ = {isa = PBXFileReference; lastKnownFileType = sourcecode.c.h; path = TextMessageCell.h; sourceTree = "<group>"; };
		A98FCA042466965B009B691C /* TextMessageCell.m */ = {isa = PBXFileReference; lastKnownFileType = sourcecode.c.objc; path = TextMessageCell.m; sourceTree = "<group>"; };
		A98FCA07246BD29E009B691C /* NSString+Message.h */ = {isa = PBXFileReference; lastKnownFileType = sourcecode.c.h; path = "NSString+Message.h"; sourceTree = "<group>"; };
		A98FCA08246BD29E009B691C /* NSString+Message.m */ = {isa = PBXFileReference; lastKnownFileType = sourcecode.c.objc; path = "NSString+Message.m"; sourceTree = "<group>"; };
		A98FCA0A246BD2D7009B691C /* UIFont+Chat.h */ = {isa = PBXFileReference; lastKnownFileType = sourcecode.c.h; path = "UIFont+Chat.h"; sourceTree = "<group>"; };
		A98FCA0B246BD2D7009B691C /* UIFont+Chat.m */ = {isa = PBXFileReference; lastKnownFileType = sourcecode.c.objc; path = "UIFont+Chat.m"; sourceTree = "<group>"; };
		A98FCA0E24718204009B691C /* DBBaseStore.h */ = {isa = PBXFileReference; lastKnownFileType = sourcecode.c.h; path = DBBaseStore.h; sourceTree = "<group>"; };
		A98FCA0F24718204009B691C /* DBBaseStore.m */ = {isa = PBXFileReference; lastKnownFileType = sourcecode.c.objc; path = DBBaseStore.m; sourceTree = "<group>"; };
		A98FCA11247183A2009B691C /* DBManager.h */ = {isa = PBXFileReference; lastKnownFileType = sourcecode.c.h; path = DBManager.h; sourceTree = "<group>"; };
		A98FCA12247183A2009B691C /* DBManager.m */ = {isa = PBXFileReference; lastKnownFileType = sourcecode.c.objc; path = DBManager.m; sourceTree = "<group>"; };
		A98FCA1424718AF9009B691C /* NSFileManager+Chat.h */ = {isa = PBXFileReference; lastKnownFileType = sourcecode.c.h; path = "NSFileManager+Chat.h"; sourceTree = "<group>"; };
		A98FCA1524718AF9009B691C /* NSFileManager+Chat.m */ = {isa = PBXFileReference; lastKnownFileType = sourcecode.c.objc; path = "NSFileManager+Chat.m"; sourceTree = "<group>"; };
		A98FCA1724718C11009B691C /* NSFileManager+path.h */ = {isa = PBXFileReference; lastKnownFileType = sourcecode.c.h; path = "NSFileManager+path.h"; sourceTree = "<group>"; };
		A98FCA1824718C11009B691C /* NSFileManager+path.m */ = {isa = PBXFileReference; lastKnownFileType = sourcecode.c.objc; path = "NSFileManager+path.m"; sourceTree = "<group>"; };
		A9B82198244C34FB00517C58 /* MyAppDelegate.h */ = {isa = PBXFileReference; lastKnownFileType = sourcecode.c.h; path = MyAppDelegate.h; sourceTree = "<group>"; };
		A9B82199244C34FB00517C58 /* MyAppDelegate.m */ = {isa = PBXFileReference; lastKnownFileType = sourcecode.c.objc; path = MyAppDelegate.m; sourceTree = "<group>"; };
		A9B8219B244C63E400517C58 /* Conversation.xcassets */ = {isa = PBXFileReference; lastKnownFileType = folder.assetcatalog; path = Conversation.xcassets; sourceTree = "<group>"; };
		A9B8219D244C7CF700517C58 /* Discover.xcassets */ = {isa = PBXFileReference; lastKnownFileType = folder.assetcatalog; path = Discover.xcassets; sourceTree = "<group>"; };
		A9B821A1244C7D1B00517C58 /* Mine.xcassets */ = {isa = PBXFileReference; lastKnownFileType = folder.assetcatalog; path = Mine.xcassets; sourceTree = "<group>"; };
		A9B821A4244C7DAA00517C58 /* Chat.xcassets */ = {isa = PBXFileReference; lastKnownFileType = folder.assetcatalog; path = Chat.xcassets; sourceTree = "<group>"; };
		A9B821A6244C7DAA00517C58 /* SystemEmoji.json */ = {isa = PBXFileReference; fileEncoding = 4; lastKnownFileType = text.json; path = SystemEmoji.json; sourceTree = "<group>"; };
		A9B821A7244C7DAA00517C58 /* FaceEmoji.json */ = {isa = PBXFileReference; fileEncoding = 4; lastKnownFileType = text.json; path = FaceEmoji.json; sourceTree = "<group>"; };
		A9B821AB244C7F3F00517C58 /* Common.xcassets */ = {isa = PBXFileReference; lastKnownFileType = folder.assetcatalog; path = Common.xcassets; sourceTree = "<group>"; };
		A9B821AE244C80D800517C58 /* AddMenu.xcassets */ = {isa = PBXFileReference; lastKnownFileType = folder.assetcatalog; path = AddMenu.xcassets; sourceTree = "<group>"; };
		A9B821B0244C840F00517C58 /* SearchResultController.h */ = {isa = PBXFileReference; lastKnownFileType = sourcecode.c.h; path = SearchResultController.h; sourceTree = "<group>"; };
		A9B821B1244C840F00517C58 /* SearchResultController.m */ = {isa = PBXFileReference; lastKnownFileType = sourcecode.c.objc; path = SearchResultController.m; sourceTree = "<group>"; };
		A9B821B3244D402800517C58 /* ContactTableViewCell.h */ = {isa = PBXFileReference; lastKnownFileType = sourcecode.c.h; path = ContactTableViewCell.h; sourceTree = "<group>"; };
		A9B821B4244D402800517C58 /* ContactTableViewCell.m */ = {isa = PBXFileReference; lastKnownFileType = sourcecode.c.objc; path = ContactTableViewCell.m; sourceTree = "<group>"; };
		A9B821B6244D487300517C58 /* Contact.xcassets */ = {isa = PBXFileReference; lastKnownFileType = folder.assetcatalog; path = Contact.xcassets; sourceTree = "<group>"; };
		A9B821C8244DAAB800517C58 /* HomeTableViewCell.h */ = {isa = PBXFileReference; lastKnownFileType = sourcecode.c.h; path = HomeTableViewCell.h; sourceTree = "<group>"; };
		A9B821C9244DAAB800517C58 /* HomeTableViewCell.m */ = {isa = PBXFileReference; lastKnownFileType = sourcecode.c.objc; path = HomeTableViewCell.m; sourceTree = "<group>"; };
		A9B821CC244E828700517C58 /* DiscoverViewController.h */ = {isa = PBXFileReference; fileEncoding = 4; lastKnownFileType = sourcecode.c.h; path = DiscoverViewController.h; sourceTree = "<group>"; };
		A9B821CD244E828700517C58 /* DiscoverViewController.m */ = {isa = PBXFileReference; fileEncoding = 4; lastKnownFileType = sourcecode.c.objc; path = DiscoverViewController.m; sourceTree = "<group>"; };
		A9B821D5244FDEC100517C58 /* BootLoginViewController.h */ = {isa = PBXFileReference; lastKnownFileType = sourcecode.c.h; path = BootLoginViewController.h; sourceTree = "<group>"; };
		A9B821D6244FDEC100517C58 /* BootLoginViewController.m */ = {isa = PBXFileReference; lastKnownFileType = sourcecode.c.objc; path = BootLoginViewController.m; sourceTree = "<group>"; };
		A9B821D7244FDEC100517C58 /* BootLoginViewController.xib */ = {isa = PBXFileReference; lastKnownFileType = file.xib; path = BootLoginViewController.xib; sourceTree = "<group>"; };
		A9B821DC244FF7EE00517C58 /* LoginViewController.h */ = {isa = PBXFileReference; lastKnownFileType = sourcecode.c.h; path = LoginViewController.h; sourceTree = "<group>"; };
		A9B821DD244FF7EE00517C58 /* LoginViewController.m */ = {isa = PBXFileReference; lastKnownFileType = sourcecode.c.objc; path = LoginViewController.m; sourceTree = "<group>"; };
		A9B821DE244FF7EE00517C58 /* LoginViewController.xib */ = {isa = PBXFileReference; lastKnownFileType = file.xib; path = LoginViewController.xib; sourceTree = "<group>"; };
		C6D58A871783E5A159C94641 /* Pods_WeChatCP.framework */ = {isa = PBXFileReference; explicitFileType = wrapper.framework; includeInIndex = 0; path = Pods_WeChatCP.framework; sourceTree = BUILT_PRODUCTS_DIR; };
		DF7A7FB2497731B9EAFCCD96 /* Pods-WeChatCP.debug.xcconfig */ = {isa = PBXFileReference; includeInIndex = 1; lastKnownFileType = text.xcconfig; name = "Pods-WeChatCP.debug.xcconfig"; path = "Target Support Files/Pods-WeChatCP/Pods-WeChatCP.debug.xcconfig"; sourceTree = "<group>"; };
/* End PBXFileReference section */

/* Begin PBXFrameworksBuildPhase section */
		A97998122442C456009B6096 /* Frameworks */ = {
			isa = PBXFrameworksBuildPhase;
			buildActionMask = 2147483647;
			files = (
				74B136A589813FF765CBD5F5 /* Pods_WeChatCP.framework in Frameworks */,
			);
			runOnlyForDeploymentPostprocessing = 0;
		};
/* End PBXFrameworksBuildPhase section */

/* Begin PBXGroup section */
		161A976E132B24C459F711A7 /* Pods */ = {
			isa = PBXGroup;
			children = (
				DF7A7FB2497731B9EAFCCD96 /* Pods-WeChatCP.debug.xcconfig */,
				34A075BCC309FA8AB043E297 /* Pods-WeChatCP.release.xcconfig */,
			);
			path = Pods;
			sourceTree = "<group>";
		};
		64A0D66FA6F31D98D0C5ED90 /* Frameworks */ = {
			isa = PBXGroup;
			children = (
				C6D58A871783E5A159C94641 /* Pods_WeChatCP.framework */,
			);
			name = Frameworks;
			sourceTree = "<group>";
		};
		A96A66B62451A4E800399267 /* controller */ = {
			isa = PBXGroup;
			children = (
				A98FC9E0245D48FE009B691C /* messageCenter */,
				A98FCA0D247181DC009B691C /* dbManager */,
				A96A66B82451A64C00399267 /* launch */,
				A97998382442C52C009B6096 /* wechat */,
				A97998372442C52C009B6096 /* contact */,
				A9B821CB244E828700517C58 /* discover  */,
				A97998362442C52C009B6096 /* home */,
			);
			path = controller;
			sourceTree = "<group>";
		};
		A96A66B82451A64C00399267 /* launch */ = {
			isa = PBXGroup;
			children = (
				A97998502442C68F009B6096 /* RootTabBarController.h */,
				A97998512442C690009B6096 /* RootTabBarController.m */,
				A96A66B92451A64C00399267 /* login */,
			);
			path = launch;
			sourceTree = "<group>";
		};
		A96A66B92451A64C00399267 /* login */ = {
			isa = PBXGroup;
			children = (
				A9B821D5244FDEC100517C58 /* BootLoginViewController.h */,
				A9B821D6244FDEC100517C58 /* BootLoginViewController.m */,
				A9B821D7244FDEC100517C58 /* BootLoginViewController.xib */,
				A96A66B324517D5600399267 /* LoginBaseViewController.h */,
				A96A66B424517D5600399267 /* LoginBaseViewController.m */,
				A9B821DC244FF7EE00517C58 /* LoginViewController.h */,
				A9B821DD244FF7EE00517C58 /* LoginViewController.m */,
				A9B821DE244FF7EE00517C58 /* LoginViewController.xib */,
				A96A66AE2450994700399267 /* MobileLoginViewController.h */,
				A96A66AF2450994700399267 /* MobileLoginViewController.m */,
				A96A66B02450994700399267 /* MobileLoginViewController.xib */,
				A96A66C02452A3FA00399267 /* RegisterViewController.h */,
				A96A66C12452A3FA00399267 /* RegisterViewController.m */,
				A96A66C22452A3FA00399267 /* RegisterViewController.xib */,
			);
			path = login;
			sourceTree = "<group>";
		};
		A96A66BF2451AB0400399267 /* supportFile */ = {
			isa = PBXGroup;
			children = (
				A9B821A4244C7DAA00517C58 /* Chat.xcassets */,
				A9B821AB244C7F3F00517C58 /* Common.xcassets */,
				A9B821A1244C7D1B00517C58 /* Mine.xcassets */,
				A9B821B6244D487300517C58 /* Contact.xcassets */,
				A9B8219D244C7CF700517C58 /* Discover.xcassets */,
				A9B8219B244C63E400517C58 /* Conversation.xcassets */,
				A97998242442C458009B6096 /* Assets.xcassets */,
				A97998262442C458009B6096 /* LaunchScreen.storyboard */,
				A979982A2442C458009B6096 /* main.m */,
				A9B82198244C34FB00517C58 /* MyAppDelegate.h */,
				A9B82199244C34FB00517C58 /* MyAppDelegate.m */,
			);
			path = supportFile;
			sourceTree = "<group>";
		};
		A96A66C82457FA5100399267 /* chatbase */ = {
			isa = PBXGroup;
			children = (
				A96A66C92457FA6900399267 /* ChatBaseViewController.h */,
				A96A66CA2457FA6900399267 /* ChatBaseViewController.m */,
				A98FC9D4245C0C78009B691C /* ChatBaseViewController+ChatBar.h */,
				A98FC9D5245C0C78009B691C /* ChatBaseViewController+ChatBar.m */,
				A98FC9F5245D7FB6009B691C /* ChatBaseViewController+Proxy.h */,
				A98FC9F6245D7FB6009B691C /* ChatBaseViewController+Proxy.m */,
				A98FC9DD245D16FF009B691C /* ChatBaseViewController+MessageDisplayView.h */,
				A98FC9DE245D16FF009B691C /* ChatBaseViewController+MessageDisplayView.m */,
			);
			path = chatbase;
			sourceTree = "<group>";
		};
		A96A66CC2457FBCA00399267 /* user */ = {
			isa = PBXGroup;
			children = (
				A96A66CD2457FBDD00399267 /* User.h */,
				A96A66CE2457FBDD00399267 /* User.m */,
			);
			path = user;
			sourceTree = "<group>";
		};
		A96A66D02458005C00399267 /* chat */ = {
			isa = PBXGroup;
			children = (
				A96A66D12458008700399267 /* ChatUserProtocol.h */,
				A98FCA0024644C37009B691C /* User+Chat.h */,
				A98FCA0124644C37009B691C /* User+Chat.m */,
			);
			path = chat;
			sourceTree = "<group>";
		};
		A96A66D22458076400399267 /* launch */ = {
			isa = PBXGroup;
			children = (
				A96A66D32458076400399267 /* regitster */,
				A96A66D42458076400399267 /* login */,
			);
			path = launch;
			sourceTree = "<group>";
		};
		A96A66D32458076400399267 /* regitster */ = {
			isa = PBXGroup;
			children = (
			);
			path = regitster;
			sourceTree = "<group>";
		};
		A96A66D42458076400399267 /* login */ = {
			isa = PBXGroup;
			children = (
				A96A66D52458076400399267 /* PasswordView.m */,
				A96A66D62458076400399267 /* CaptchaView.xib */,
				A96A66D72458076400399267 /* MobileView.m */,
				A96A66D82458076400399267 /* AccountView.m */,
				A96A66D92458076400399267 /* CaptchaView.h */,
				A96A66DA2458076400399267 /* MobileView.xib */,
				A96A66DB2458076400399267 /* PasswordView.h */,
				A96A66DC2458076400399267 /* MobileView.h */,
				A96A66DD2458076400399267 /* AccountView.xib */,
				A96A66DE2458076400399267 /* PasswordView.xib */,
				A96A66DF2458076400399267 /* AccountView.h */,
				A96A66E02458076400399267 /* CaptchaView.m */,
			);
			path = login;
			sourceTree = "<group>";
		};
		A96A66E9245807EE00399267 /* chat */ = {
			isa = PBXGroup;
			children = (
				A98FC9D7245C13ED009B691C /* keyboard */,
				A96A66F62459351D00399267 /* chatBar */,
				A96A66EA2458084800399267 /* messageDisplayView */,
			);
			path = chat;
			sourceTree = "<group>";
		};
		A96A66EA2458084800399267 /* messageDisplayView */ = {
			isa = PBXGroup;
			children = (
				A96A66EE24582E9D00399267 /* messageCellView */,
				A96A66EB2458087400399267 /* MessageDisplayView.h */,
				A96A66EC2458087400399267 /* MessageDisplayView.m */,
				A96A66EF24582EF400399267 /* MessageDisplayView+Delegate.h */,
				A96A66F024582EF400399267 /* MessageDisplayView+Delegate.m */,
				A96A66F22458307A00399267 /* MessageDisplayViewDelegate.h */,
			);
			path = messageDisplayView;
			sourceTree = "<group>";
		};
		A96A66EE24582E9D00399267 /* messageCellView */ = {
			isa = PBXGroup;
			children = (
				A98FC9F8246426F2009B691C /* MessageBaseCell.h */,
				A98FC9F9246426F2009B691C /* MessageBaseCell.m */,
				A98FC9FB24642752009B691C /* MessageCellDelegate.h */,
				A98FCA032466965B009B691C /* TextMessageCell.h */,
				A98FCA042466965B009B691C /* TextMessageCell.m */,
			);
			path = messageCellView;
			sourceTree = "<group>";
		};
		A96A66F62459351D00399267 /* chatBar */ = {
			isa = PBXGroup;
			children = (
				A96A66F72459353300399267 /* ChatBar.h */,
				A96A66F82459353300399267 /* ChatBar.m */,
				A96A66FC2459368000399267 /* ChatBarDelegate.h */,
			);
			path = chatBar;
			sourceTree = "<group>";
		};
		A979980C2442C456009B6096 = {
			isa = PBXGroup;
			children = (
				A97998172442C456009B6096 /* WeChatCP */,
				A97998162442C456009B6096 /* Products */,
				161A976E132B24C459F711A7 /* Pods */,
				64A0D66FA6F31D98D0C5ED90 /* Frameworks */,
			);
			sourceTree = "<group>";
		};
		A97998162442C456009B6096 /* Products */ = {
			isa = PBXGroup;
			children = (
				A97998152442C456009B6096 /* WeChatCP.app */,
			);
			name = Products;
			sourceTree = "<group>";
		};
		A97998172442C456009B6096 /* WeChatCP */ = {
			isa = PBXGroup;
			children = (
				A9E0DDF02449614500E8AF43 /* utils */,
				A979983F2442C563009B6096 /* model */,
				A96A66B62451A4E800399267 /* controller */,
				A97998352442C52C009B6096 /* view */,
				A96A66BF2451AB0400399267 /* supportFile */,
				A96A66BC2451A8B200399267 /* Info.plist */,
			);
			path = WeChatCP;
			sourceTree = "<group>";
		};
		A97998352442C52C009B6096 /* view */ = {
			isa = PBXGroup;
			children = (
				A96A66E9245807EE00399267 /* chat */,
				A96A66D22458076400399267 /* launch */,
			);
			path = view;
			sourceTree = "<group>";
		};
		A97998362442C52C009B6096 /* home */ = {
			isa = PBXGroup;
			children = (
				A97998662443082C009B6096 /* HomeViewController.h */,
				A97998672443082C009B6096 /* HomeViewController.m */,
				A9B821C8244DAAB800517C58 /* HomeTableViewCell.h */,
				A9B821C9244DAAB800517C58 /* HomeTableViewCell.m */,
			);
			path = home;
			sourceTree = "<group>";
		};
		A97998372442C52C009B6096 /* contact */ = {
			isa = PBXGroup;
			children = (
				A979986B24430846009B6096 /* ContactViewController.h */,
				A979986C24430846009B6096 /* ContactViewController.m */,
				A9B821B3244D402800517C58 /* ContactTableViewCell.h */,
				A9B821B4244D402800517C58 /* ContactTableViewCell.m */,
				A979988F24445CB7009B6096 /* GetContactPermisson.h */,
				A979989024445CB7009B6096 /* GetContactPermisson.m */,
			);
			path = contact;
			sourceTree = "<group>";
		};
		A97998382442C52C009B6096 /* wechat */ = {
			isa = PBXGroup;
			children = (
				A9B821AD244C80D800517C58 /* addMenu */,
				A9B821A3244C7D7C00517C58 /* chat */,
				A97998552442C7E8009B6096 /* WeChatTableViewCell.h */,
				A97998562442C7E8009B6096 /* WeChatTableViewCell.m */,
				A9799861244307CD009B6096 /* WeChatViewController.h */,
				A9799862244307CD009B6096 /* WeChatViewController.m */,
				A9B821B0244C840F00517C58 /* SearchResultController.h */,
				A9B821B1244C840F00517C58 /* SearchResultController.m */,
				A98FC9D22459B59B009B691C /* TEST.m */,
			);
			path = wechat;
			sourceTree = "<group>";
		};
		A979983F2442C563009B6096 /* model */ = {
			isa = PBXGroup;
			children = (
				A97998402442C563009B6096 /* home */,
				A97998412442C563009B6096 /* contact */,
				A97998422442C563009B6096 /* wechat */,
			);
			path = model;
			sourceTree = "<group>";
		};
		A97998402442C563009B6096 /* home */ = {
			isa = PBXGroup;
			children = (
				A96A66CC2457FBCA00399267 /* user */,
			);
			path = home;
			sourceTree = "<group>";
		};
		A97998412442C563009B6096 /* contact */ = {
			isa = PBXGroup;
			children = (
				A97998952444621A009B6096 /* Contact.h */,
				A97998962444621A009B6096 /* Contact.m */,
			);
			path = contact;
			sourceTree = "<group>";
		};
		A97998422442C563009B6096 /* wechat */ = {
			isa = PBXGroup;
			children = (
				A96A66D02458005C00399267 /* chat */,
				A97998582442CEFA009B6096 /* WeChat.h */,
				A97998592442CEFA009B6096 /* WeChat.m */,
			);
			path = wechat;
			sourceTree = "<group>";
		};
		A98FC9D7245C13ED009B691C /* keyboard */ = {
			isa = PBXGroup;
			children = (
				A98FC9D8245C142E009B691C /* BaseKeyboard.h */,
				A98FC9D9245C142E009B691C /* BaseKeyboard.m */,
				A98FC9DB245C1468009B691C /* KeyboardDelegate.h */,
				A98FC9DC245C1487009B691C /* KeyboardProtocol.h */,
			);
			path = keyboard;
			sourceTree = "<group>";
		};
		A98FC9E0245D48FE009B691C /* messageCenter */ = {
			isa = PBXGroup;
			children = (
				A98FC9F4245D6028009B691C /* conversation */,
				A98FC9EE245D5FB2009B691C /* store */,
				A98FC9ED245D5F93009B691C /* messageManager */,
				A98FC9E1245D48FE009B691C /* message */,
			);
			name = messageCenter;
			path = WeChatCP/controller/messageCenter;
			sourceTree = SOURCE_ROOT;
		};
		A98FC9E1245D48FE009B691C /* message */ = {
			isa = PBXGroup;
			children = (
				A98FC9E2245D492A009B691C /* Message.h */,
				A98FC9E3245D492A009B691C /* Message.m */,
				A98FC9EA245D56A5009B691C /* TextMessage.h */,
				A98FC9EB245D56A5009B691C /* TextMessage.m */,
				A98FC9E5245D4B31009B691C /* MessageProtocol.h */,
				A98FC9E6245D4BE3009B691C /* MessageFrame.h */,
				A98FC9E7245D4BE3009B691C /* MessageFrame.m */,
				A98FC9E9245D4DBD009B691C /* MessageConstants.h */,
			);
			path = message;
			sourceTree = "<group>";
		};
		A98FC9ED245D5F93009B691C /* messageManager */ = {
			isa = PBXGroup;
			children = (
				A98FC9EF245D5FD4009B691C /* MessageManager.h */,
				A98FC9F0245D5FD4009B691C /* MessageManager.m */,
				A98FC9F2245D5FF6009B691C /* MessageManagerChatVCDelegate.h */,
				A98FC9F3245D6015009B691C /* MessageManagerConvVCDelegate.h */,
			);
			path = messageManager;
			sourceTree = "<group>";
		};
		A98FC9EE245D5FB2009B691C /* store */ = {
			isa = PBXGroup;
			children = (
				A95402FC2472529C00C2404E /* MessageSQL.h */,
			);
			path = store;
			sourceTree = "<group>";
		};
		A98FC9F4245D6028009B691C /* conversation */ = {
			isa = PBXGroup;
			children = (
			);
			path = conversation;
			sourceTree = "<group>";
		};
		A98FC9FC24644654009B691C /* date */ = {
			isa = PBXGroup;
			children = (
				A98FC9FD24644675009B691C /* NSDate+Chat.h */,
				A98FC9FE24644675009B691C /* NSDate+Chat.m */,
			);
			path = date;
			sourceTree = "<group>";
		};
		A98FCA06246BD283009B691C /* data */ = {
			isa = PBXGroup;
			children = (
				A98FCA07246BD29E009B691C /* NSString+Message.h */,
				A98FCA08246BD29E009B691C /* NSString+Message.m */,
				A98FCA0A246BD2D7009B691C /* UIFont+Chat.h */,
				A98FCA0B246BD2D7009B691C /* UIFont+Chat.m */,
				A98FCA1424718AF9009B691C /* NSFileManager+Chat.h */,
				A98FCA1524718AF9009B691C /* NSFileManager+Chat.m */,
				A98FCA1724718C11009B691C /* NSFileManager+path.h */,
				A98FCA1824718C11009B691C /* NSFileManager+path.m */,
			);
			path = data;
			sourceTree = "<group>";
		};
		A98FCA0D247181DC009B691C /* dbManager */ = {
			isa = PBXGroup;
			children = (
				A98FCA0E24718204009B691C /* DBBaseStore.h */,
				A98FCA0F24718204009B691C /* DBBaseStore.m */,
				A98FCA11247183A2009B691C /* DBManager.h */,
				A98FCA12247183A2009B691C /* DBManager.m */,
			);
			path = dbManager;
			sourceTree = "<group>";
		};
		A9B821A3244C7D7C00517C58 /* chat */ = {
			isa = PBXGroup;
			children = (
				A96A66C82457FA5100399267 /* chatbase */,
				A9B821A5244C7DAA00517C58 /* DefaultEmoji */,
				A96A66F3245858DD00399267 /* ChatViewController.h */,
				A96A66F4245858DD00399267 /* ChatViewController.m */,
			);
			path = chat;
			sourceTree = "<group>";
		};
		A9B821A5244C7DAA00517C58 /* DefaultEmoji */ = {
			isa = PBXGroup;
			children = (
				A9B821A6244C7DAA00517C58 /* SystemEmoji.json */,
				A9B821A7244C7DAA00517C58 /* FaceEmoji.json */,
			);
			path = DefaultEmoji;
			sourceTree = "<group>";
		};
		A9B821AD244C80D800517C58 /* addMenu */ = {
			isa = PBXGroup;
			children = (
				A9B821AE244C80D800517C58 /* AddMenu.xcassets */,
			);
			path = addMenu;
			sourceTree = "<group>";
		};
		A9B821CB244E828700517C58 /* discover  */ = {
			isa = PBXGroup;
			children = (
				A9B821CC244E828700517C58 /* DiscoverViewController.h */,
				A9B821CD244E828700517C58 /* DiscoverViewController.m */,
			);
			name = "discover ";
			path = "WeChatCP/controller/discover ";
			sourceTree = SOURCE_ROOT;
		};
		A9E0DDF02449614500E8AF43 /* utils */ = {
			isa = PBXGroup;
			children = (
				A98FCA06246BD283009B691C /* data */,
				A98FC9FC24644654009B691C /* date */,
				A96A66FD245937FA00399267 /* Macro.h */,
			);
			path = utils;
			sourceTree = "<group>";
		};
/* End PBXGroup section */

/* Begin PBXNativeTarget section */
		A97998142442C456009B6096 /* WeChatCP */ = {
			isa = PBXNativeTarget;
			buildConfigurationList = A979982E2442C458009B6096 /* Build configuration list for PBXNativeTarget "WeChatCP" */;
			buildPhases = (
				622785EBC9DF94D65ADE194F /* [CP] Check Pods Manifest.lock */,
				A97998112442C456009B6096 /* Sources */,
				A97998122442C456009B6096 /* Frameworks */,
				A97998132442C456009B6096 /* Resources */,
				1B6352E33EDB55CE162C7417 /* [CP] Embed Pods Frameworks */,
			);
			buildRules = (
			);
			dependencies = (
			);
			name = WeChatCP;
			productName = WeChatCP;
			productReference = A97998152442C456009B6096 /* WeChatCP.app */;
			productType = "com.apple.product-type.application";
		};
/* End PBXNativeTarget section */

/* Begin PBXProject section */
		A979980D2442C456009B6096 /* Project object */ = {
			isa = PBXProject;
			attributes = {
				LastUpgradeCheck = 1140;
				ORGANIZATIONNAME = lwy;
				TargetAttributes = {
					A97998142442C456009B6096 = {
						CreatedOnToolsVersion = 11.4;
					};
				};
			};
			buildConfigurationList = A97998102442C456009B6096 /* Build configuration list for PBXProject "WeChatCP" */;
			compatibilityVersion = "Xcode 9.3";
			developmentRegion = en;
			hasScannedForEncodings = 0;
			knownRegions = (
				en,
				Base,
			);
			mainGroup = A979980C2442C456009B6096;
			productRefGroup = A97998162442C456009B6096 /* Products */;
			projectDirPath = "";
			projectRoot = "";
			targets = (
				A97998142442C456009B6096 /* WeChatCP */,
			);
		};
/* End PBXProject section */

/* Begin PBXResourcesBuildPhase section */
		A97998132442C456009B6096 /* Resources */ = {
			isa = PBXResourcesBuildPhase;
			buildActionMask = 2147483647;
			files = (
				A96A66E62458076500399267 /* AccountView.xib in Resources */,
				A9B821AA244C7DAA00517C58 /* FaceEmoji.json in Resources */,
				A9B821AF244C80D800517C58 /* AddMenu.xcassets in Resources */,
				A96A66E52458076500399267 /* MobileView.xib in Resources */,
				A97998252442C458009B6096 /* Assets.xcassets in Resources */,
				A96A66E72458076500399267 /* PasswordView.xib in Resources */,
				A96A66C42452A3FA00399267 /* RegisterViewController.xib in Resources */,
				A9B821D9244FDEC100517C58 /* BootLoginViewController.xib in Resources */,
				A9B821B7244D487400517C58 /* Contact.xcassets in Resources */,
				A96A66B22450994700399267 /* MobileLoginViewController.xib in Resources */,
				A9B8219E244C7CF700517C58 /* Discover.xcassets in Resources */,
				A9B8219C244C63E400517C58 /* Conversation.xcassets in Resources */,
				A9B821A2244C7D1C00517C58 /* Mine.xcassets in Resources */,
				A9B821E0244FF7EE00517C58 /* LoginViewController.xib in Resources */,
				A9B821AC244C7F3F00517C58 /* Common.xcassets in Resources */,
				A96A66E22458076500399267 /* CaptchaView.xib in Resources */,
				A9B821A9244C7DAA00517C58 /* SystemEmoji.json in Resources */,
				A9B821A8244C7DAA00517C58 /* Chat.xcassets in Resources */,
			);
			runOnlyForDeploymentPostprocessing = 0;
		};
/* End PBXResourcesBuildPhase section */

/* Begin PBXShellScriptBuildPhase section */
		1B6352E33EDB55CE162C7417 /* [CP] Embed Pods Frameworks */ = {
			isa = PBXShellScriptBuildPhase;
			buildActionMask = 2147483647;
			files = (
			);
			inputFileListPaths = (
				"${PODS_ROOT}/Target Support Files/Pods-WeChatCP/Pods-WeChatCP-frameworks-${CONFIGURATION}-input-files.xcfilelist",
			);
			name = "[CP] Embed Pods Frameworks";
			outputFileListPaths = (
				"${PODS_ROOT}/Target Support Files/Pods-WeChatCP/Pods-WeChatCP-frameworks-${CONFIGURATION}-output-files.xcfilelist",
			);
			runOnlyForDeploymentPostprocessing = 0;
			shellPath = /bin/sh;
			shellScript = "\"${PODS_ROOT}/Target Support Files/Pods-WeChatCP/Pods-WeChatCP-frameworks.sh\"\n";
			showEnvVarsInLog = 0;
		};
		622785EBC9DF94D65ADE194F /* [CP] Check Pods Manifest.lock */ = {
			isa = PBXShellScriptBuildPhase;
			buildActionMask = 2147483647;
			files = (
			);
			inputFileListPaths = (
			);
			inputPaths = (
				"${PODS_PODFILE_DIR_PATH}/Podfile.lock",
				"${PODS_ROOT}/Manifest.lock",
			);
			name = "[CP] Check Pods Manifest.lock";
			outputFileListPaths = (
			);
			outputPaths = (
				"$(DERIVED_FILE_DIR)/Pods-WeChatCP-checkManifestLockResult.txt",
			);
			runOnlyForDeploymentPostprocessing = 0;
			shellPath = /bin/sh;
			shellScript = "diff \"${PODS_PODFILE_DIR_PATH}/Podfile.lock\" \"${PODS_ROOT}/Manifest.lock\" > /dev/null\nif [ $? != 0 ] ; then\n    # print error to STDERR\n    echo \"error: The sandbox is not in sync with the Podfile.lock. Run 'pod install' or update your CocoaPods installation.\" >&2\n    exit 1\nfi\n# This output is used by Xcode 'outputs' to avoid re-running this script phase.\necho \"SUCCESS\" > \"${SCRIPT_OUTPUT_FILE_0}\"\n";
			showEnvVarsInLog = 0;
		};
/* End PBXShellScriptBuildPhase section */

/* Begin PBXSourcesBuildPhase section */
		A97998112442C456009B6096 /* Sources */ = {
			isa = PBXSourcesBuildPhase;
			buildActionMask = 2147483647;
			files = (
				A96A66ED2458087400399267 /* MessageDisplayView.m in Sources */,
				A98FCA1624718AF9009B691C /* NSFileManager+Chat.m in Sources */,
				A979989124445CB7009B6096 /* GetContactPermisson.m in Sources */,
				A98FC9E8245D4BE3009B691C /* MessageFrame.m in Sources */,
				A98FCA09246BD29E009B691C /* NSString+Message.m in Sources */,
				A9B821CE244E828700517C58 /* DiscoverViewController.m in Sources */,
				A96A66CF2457FBDD00399267 /* User.m in Sources */,
				A9B821B5244D402800517C58 /* ContactTableViewCell.m in Sources */,
				A98FC9D32459B59B009B691C /* TEST.m in Sources */,
				A97998572442C7E8009B6096 /* WeChatTableViewCell.m in Sources */,
				A98FC9F1245D5FD4009B691C /* MessageManager.m in Sources */,
				A979985A2442CEFA009B6096 /* WeChat.m in Sources */,
				A98FC9FF24644675009B691C /* NSDate+Chat.m in Sources */,
				A97998972444621A009B6096 /* Contact.m in Sources */,
				A98FC9EC245D56A5009B691C /* TextMessage.m in Sources */,
				A979982B2442C458009B6096 /* main.m in Sources */,
				A9B8219A244C34FB00517C58 /* MyAppDelegate.m in Sources */,
				A98FC9F7245D7FB6009B691C /* ChatBaseViewController+Proxy.m in Sources */,
				A98FCA13247183A2009B691C /* DBManager.m in Sources */,
				A98FC9DF245D16FF009B691C /* ChatBaseViewController+MessageDisplayView.m in Sources */,
				A979986E24430846009B6096 /* ContactViewController.m in Sources */,
				A98FC9E4245D492A009B691C /* Message.m in Sources */,
				A97998522442C690009B6096 /* RootTabBarController.m in Sources */,
				A98FC9FA246426F2009B691C /* MessageBaseCell.m in Sources */,
				A96A66F124582EF400399267 /* MessageDisplayView+Delegate.m in Sources */,
				A98FCA1024718204009B691C /* DBBaseStore.m in Sources */,
				A98FCA0224644C37009B691C /* User+Chat.m in Sources */,
				A96A66E12458076500399267 /* PasswordView.m in Sources */,
				A9B821CA244DAAB800517C58 /* HomeTableViewCell.m in Sources */,
				A98FC9D6245C0C78009B691C /* ChatBaseViewController+ChatBar.m in Sources */,
				A98FCA052466965C009B691C /* TextMessageCell.m in Sources */,
				A96A66F5245858DE00399267 /* ChatViewController.m in Sources */,
				A96A66C32452A3FA00399267 /* RegisterViewController.m in Sources */,
				A96A66B12450994700399267 /* MobileLoginViewController.m in Sources */,
				A96A66CB2457FA6900399267 /* ChatBaseViewController.m in Sources */,
				A98FCA1924718C11009B691C /* NSFileManager+path.m in Sources */,
				A98FC9DA245C142E009B691C /* BaseKeyboard.m in Sources */,
				A96A66E82458076500399267 /* CaptchaView.m in Sources */,
				A96A66F92459353400399267 /* ChatBar.m in Sources */,
				A9799864244307CD009B6096 /* WeChatViewController.m in Sources */,
				A98FCA0C246BD2D7009B691C /* UIFont+Chat.m in Sources */,
				A96A66E32458076500399267 /* MobileView.m in Sources */,
				A9B821DF244FF7EE00517C58 /* LoginViewController.m in Sources */,
				A97998692443082C009B6096 /* HomeViewController.m in Sources */,
				A9B821D8244FDEC100517C58 /* BootLoginViewController.m in Sources */,
				A9B821B2244C840F00517C58 /* SearchResultController.m in Sources */,
				A96A66B524517D5600399267 /* LoginBaseViewController.m in Sources */,
				A96A66E42458076500399267 /* AccountView.m in Sources */,
			);
			runOnlyForDeploymentPostprocessing = 0;
		};
/* End PBXSourcesBuildPhase section */

/* Begin PBXVariantGroup section */
		A97998262442C458009B6096 /* LaunchScreen.storyboard */ = {
			isa = PBXVariantGroup;
			children = (
				A97998272442C458009B6096 /* Base */,
			);
			name = LaunchScreen.storyboard;
			sourceTree = "<group>";
		};
/* End PBXVariantGroup section */

/* Begin XCBuildConfiguration section */
		A979982C2442C458009B6096 /* Debug */ = {
			isa = XCBuildConfiguration;
			buildSettings = {
				ALWAYS_SEARCH_USER_PATHS = NO;
				CLANG_ANALYZER_NONNULL = YES;
				CLANG_ANALYZER_NUMBER_OBJECT_CONVERSION = YES_AGGRESSIVE;
				CLANG_CXX_LANGUAGE_STANDARD = "gnu++14";
				CLANG_CXX_LIBRARY = "libc++";
				CLANG_ENABLE_MODULES = YES;
				CLANG_ENABLE_OBJC_ARC = YES;
				CLANG_ENABLE_OBJC_WEAK = YES;
				CLANG_WARN_BLOCK_CAPTURE_AUTORELEASING = YES;
				CLANG_WARN_BOOL_CONVERSION = YES;
				CLANG_WARN_COMMA = YES;
				CLANG_WARN_CONSTANT_CONVERSION = YES;
				CLANG_WARN_DEPRECATED_OBJC_IMPLEMENTATIONS = YES;
				CLANG_WARN_DIRECT_OBJC_ISA_USAGE = YES_ERROR;
				CLANG_WARN_DOCUMENTATION_COMMENTS = YES;
				CLANG_WARN_EMPTY_BODY = YES;
				CLANG_WARN_ENUM_CONVERSION = YES;
				CLANG_WARN_INFINITE_RECURSION = YES;
				CLANG_WARN_INT_CONVERSION = YES;
				CLANG_WARN_NON_LITERAL_NULL_CONVERSION = YES;
				CLANG_WARN_OBJC_IMPLICIT_RETAIN_SELF = YES;
				CLANG_WARN_OBJC_LITERAL_CONVERSION = YES;
				CLANG_WARN_OBJC_ROOT_CLASS = YES_ERROR;
				CLANG_WARN_RANGE_LOOP_ANALYSIS = YES;
				CLANG_WARN_STRICT_PROTOTYPES = YES;
				CLANG_WARN_SUSPICIOUS_MOVE = YES;
				CLANG_WARN_UNGUARDED_AVAILABILITY = YES_AGGRESSIVE;
				CLANG_WARN_UNREACHABLE_CODE = YES;
				CLANG_WARN__DUPLICATE_METHOD_MATCH = YES;
				COPY_PHASE_STRIP = NO;
				DEBUG_INFORMATION_FORMAT = dwarf;
				ENABLE_STRICT_OBJC_MSGSEND = YES;
				ENABLE_TESTABILITY = YES;
				GCC_C_LANGUAGE_STANDARD = gnu11;
				GCC_DYNAMIC_NO_PIC = NO;
				GCC_NO_COMMON_BLOCKS = YES;
				GCC_OPTIMIZATION_LEVEL = 0;
				GCC_PREPROCESSOR_DEFINITIONS = (
					"DEBUG=1",
					"$(inherited)",
				);
				GCC_WARN_64_TO_32_BIT_CONVERSION = YES;
				GCC_WARN_ABOUT_RETURN_TYPE = YES_ERROR;
				GCC_WARN_UNDECLARED_SELECTOR = YES;
				GCC_WARN_UNINITIALIZED_AUTOS = YES_AGGRESSIVE;
				GCC_WARN_UNUSED_FUNCTION = YES;
				GCC_WARN_UNUSED_VARIABLE = YES;
				IPHONEOS_DEPLOYMENT_TARGET = 13.4;
				MTL_ENABLE_DEBUG_INFO = INCLUDE_SOURCE;
				MTL_FAST_MATH = YES;
				ONLY_ACTIVE_ARCH = YES;
				SDKROOT = iphoneos;
			};
			name = Debug;
		};
		A979982D2442C458009B6096 /* Release */ = {
			isa = XCBuildConfiguration;
			buildSettings = {
				ALWAYS_SEARCH_USER_PATHS = NO;
				CLANG_ANALYZER_NONNULL = YES;
				CLANG_ANALYZER_NUMBER_OBJECT_CONVERSION = YES_AGGRESSIVE;
				CLANG_CXX_LANGUAGE_STANDARD = "gnu++14";
				CLANG_CXX_LIBRARY = "libc++";
				CLANG_ENABLE_MODULES = YES;
				CLANG_ENABLE_OBJC_ARC = YES;
				CLANG_ENABLE_OBJC_WEAK = YES;
				CLANG_WARN_BLOCK_CAPTURE_AUTORELEASING = YES;
				CLANG_WARN_BOOL_CONVERSION = YES;
				CLANG_WARN_COMMA = YES;
				CLANG_WARN_CONSTANT_CONVERSION = YES;
				CLANG_WARN_DEPRECATED_OBJC_IMPLEMENTATIONS = YES;
				CLANG_WARN_DIRECT_OBJC_ISA_USAGE = YES_ERROR;
				CLANG_WARN_DOCUMENTATION_COMMENTS = YES;
				CLANG_WARN_EMPTY_BODY = YES;
				CLANG_WARN_ENUM_CONVERSION = YES;
				CLANG_WARN_INFINITE_RECURSION = YES;
				CLANG_WARN_INT_CONVERSION = YES;
				CLANG_WARN_NON_LITERAL_NULL_CONVERSION = YES;
				CLANG_WARN_OBJC_IMPLICIT_RETAIN_SELF = YES;
				CLANG_WARN_OBJC_LITERAL_CONVERSION = YES;
				CLANG_WARN_OBJC_ROOT_CLASS = YES_ERROR;
				CLANG_WARN_RANGE_LOOP_ANALYSIS = YES;
				CLANG_WARN_STRICT_PROTOTYPES = YES;
				CLANG_WARN_SUSPICIOUS_MOVE = YES;
				CLANG_WARN_UNGUARDED_AVAILABILITY = YES_AGGRESSIVE;
				CLANG_WARN_UNREACHABLE_CODE = YES;
				CLANG_WARN__DUPLICATE_METHOD_MATCH = YES;
				COPY_PHASE_STRIP = NO;
				DEBUG_INFORMATION_FORMAT = "dwarf-with-dsym";
				ENABLE_NS_ASSERTIONS = NO;
				ENABLE_STRICT_OBJC_MSGSEND = YES;
				GCC_C_LANGUAGE_STANDARD = gnu11;
				GCC_NO_COMMON_BLOCKS = YES;
				GCC_WARN_64_TO_32_BIT_CONVERSION = YES;
				GCC_WARN_ABOUT_RETURN_TYPE = YES_ERROR;
				GCC_WARN_UNDECLARED_SELECTOR = YES;
				GCC_WARN_UNINITIALIZED_AUTOS = YES_AGGRESSIVE;
				GCC_WARN_UNUSED_FUNCTION = YES;
				GCC_WARN_UNUSED_VARIABLE = YES;
				IPHONEOS_DEPLOYMENT_TARGET = 13.4;
				MTL_ENABLE_DEBUG_INFO = NO;
				MTL_FAST_MATH = YES;
				SDKROOT = iphoneos;
				VALIDATE_PRODUCT = YES;
			};
			name = Release;
		};
		A979982F2442C458009B6096 /* Debug */ = {
			isa = XCBuildConfiguration;
			baseConfigurationReference = DF7A7FB2497731B9EAFCCD96 /* Pods-WeChatCP.debug.xcconfig */;
			buildSettings = {
				ASSETCATALOG_COMPILER_APPICON_NAME = AppIcon;
				ASSETCATALOG_COMPILER_LAUNCHIMAGE_NAME = LaunchImage;
				CODE_SIGN_STYLE = Automatic;
				DEVELOPMENT_TEAM = 78WAW6N5D9;
				INFOPLIST_FILE = WeChatCP/Info.plist;
				IPHONEOS_DEPLOYMENT_TARGET = 9.0;
				LD_RUNPATH_SEARCH_PATHS = (
					"$(inherited)",
					"@executable_path/Frameworks",
				);
				PRODUCT_BUNDLE_IDENTIFIER = top.liwuyi.WeChatCP;
				PRODUCT_NAME = "$(TARGET_NAME)";
				TARGETED_DEVICE_FAMILY = 1;
			};
			name = Debug;
		};
		A97998302442C458009B6096 /* Release */ = {
			isa = XCBuildConfiguration;
			baseConfigurationReference = 34A075BCC309FA8AB043E297 /* Pods-WeChatCP.release.xcconfig */;
			buildSettings = {
				ASSETCATALOG_COMPILER_APPICON_NAME = AppIcon;
				ASSETCATALOG_COMPILER_LAUNCHIMAGE_NAME = LaunchImage;
				CODE_SIGN_STYLE = Automatic;
				DEVELOPMENT_TEAM = 78WAW6N5D9;
				INFOPLIST_FILE = WeChatCP/Info.plist;
				IPHONEOS_DEPLOYMENT_TARGET = 9.0;
				LD_RUNPATH_SEARCH_PATHS = (
					"$(inherited)",
					"@executable_path/Frameworks",
				);
				PRODUCT_BUNDLE_IDENTIFIER = top.liwuyi.WeChatCP;
				PRODUCT_NAME = "$(TARGET_NAME)";
				TARGETED_DEVICE_FAMILY = 1;
			};
			name = Release;
		};
/* End XCBuildConfiguration section */

/* Begin XCConfigurationList section */
		A97998102442C456009B6096 /* Build configuration list for PBXProject "WeChatCP" */ = {
			isa = XCConfigurationList;
			buildConfigurations = (
				A979982C2442C458009B6096 /* Debug */,
				A979982D2442C458009B6096 /* Release */,
			);
			defaultConfigurationIsVisible = 0;
			defaultConfigurationName = Release;
		};
		A979982E2442C458009B6096 /* Build configuration list for PBXNativeTarget "WeChatCP" */ = {
			isa = XCConfigurationList;
			buildConfigurations = (
				A979982F2442C458009B6096 /* Debug */,
				A97998302442C458009B6096 /* Release */,
			);
			defaultConfigurationIsVisible = 0;
			defaultConfigurationName = Release;
		};
/* End XCConfigurationList section */
	};
	rootObject = A979980D2442C456009B6096 /* Project object */;
}
